// !$*UTF8*$!
{
	archiveVersion = 1;
	classes = {
	};
	objectVersion = 77;
	objects = {

/* Begin PBXContainerItemProxy section */
		025C605A2D411C8600B69A0D /* PBXContainerItemProxy */ = {
			isa = PBXContainerItemProxy;
			containerPortal = 025C60412D411C8500B69A0D /* Project object */;
			proxyType = 1;
			remoteGlobalIDString = 025C60482D411C8500B69A0D;
			remoteInfo = BoardRoomBooking;
		};
		025C60642D411C8600B69A0D /* PBXContainerItemProxy */ = {
			isa = PBXContainerItemProxy;
			containerPortal = 025C60412D411C8500B69A0D /* Project object */;
			proxyType = 1;
			remoteGlobalIDString = 025C60482D411C8500B69A0D;
			remoteInfo = BoardRoomBooking;
		};
/* End PBXContainerItemProxy section */

/* Begin PBXFileReference section */
		025C60492D411C8500B69A0D /* BoardRoomBooking.app */ = {isa = PBXFileReference; explicitFileType = wrapper.application; includeInIndex = 0; path = BoardRoomBooking.app; sourceTree = BUILT_PRODUCTS_DIR; };
		025C60592D411C8600B69A0D /* BoardRoomBookingTests.xctest */ = {isa = PBXFileReference; explicitFileType = wrapper.cfbundle; includeInIndex = 0; path = BoardRoomBookingTests.xctest; sourceTree = BUILT_PRODUCTS_DIR; };
		025C60632D411C8600B69A0D /* BoardRoomBookingUITests.xctest */ = {isa = PBXFileReference; explicitFileType = wrapper.cfbundle; includeInIndex = 0; path = BoardRoomBookingUITests.xctest; sourceTree = BUILT_PRODUCTS_DIR; };
/* End PBXFileReference section */

/* Begin PBXFileSystemSynchronizedRootGroup section */
		025C604B2D411C8500B69A0D /* BoardRoomBooking */ = {
			isa = PBXFileSystemSynchronizedRootGroup;
			path = BoardRoomBooking;
			sourceTree = "<group>";
		};
		025C605C2D411C8600B69A0D /* BoardRoomBookingTests */ = {
			isa = PBXFileSystemSynchronizedRootGroup;
			path = BoardRoomBookingTests;
			sourceTree = "<group>";
		};
		025C60662D411C8600B69A0D /* BoardRoomBookingUITests */ = {
			isa = PBXFileSystemSynchronizedRootGroup;
			path = BoardRoomBookingUITests;
			sourceTree = "<group>";
		};
/* End PBXFileSystemSynchronizedRootGroup section */

/* Begin PBXFrameworksBuildPhase section */
		025C60462D411C8500B69A0D /* Frameworks */ = {
			isa = PBXFrameworksBuildPhase;
			buildActionMask = 2147483647;
			files = (
			);
			runOnlyForDeploymentPostprocessing = 0;
		};
		025C60562D411C8600B69A0D /* Frameworks */ = {
			isa = PBXFrameworksBuildPhase;
			buildActionMask = 2147483647;
			files = (
			);
			runOnlyForDeploymentPostprocessing = 0;
		};
		025C60602D411C8600B69A0D /* Frameworks */ = {
			isa = PBXFrameworksBuildPhase;
			buildActionMask = 2147483647;
			files = (
			);
			runOnlyForDeploymentPostprocessing = 0;
		};
/* End PBXFrameworksBuildPhase section */

/* Begin PBXGroup section */
		025C60402D411C8500B69A0D = {
			isa = PBXGroup;
			children = (
				025C604B2D411C8500B69A0D /* BoardRoomBooking */,
				025C605C2D411C8600B69A0D /* BoardRoomBookingTests */,
				025C60662D411C8600B69A0D /* BoardRoomBookingUITests */,
				025C604A2D411C8500B69A0D /* Products */,
			);
			sourceTree = "<group>";
		};
		025C604A2D411C8500B69A0D /* Products */ = {
			isa = PBXGroup;
			children = (
				025C60492D411C8500B69A0D /* BoardRoomBooking.app */,
				025C60592D411C8600B69A0D /* BoardRoomBookingTests.xctest */,
				025C60632D411C8600B69A0D /* BoardRoomBookingUITests.xctest */,
			);
			name = Products;
			sourceTree = "<group>";
		};
/* End PBXGroup section */

/* Begin PBXNativeTarget section */
		025C60482D411C8500B69A0D /* BoardRoomBooking */ = {
			isa = PBXNativeTarget;
			buildConfigurationList = 025C606D2D411C8600B69A0D /* Build configuration list for PBXNativeTarget "BoardRoomBooking" */;
			buildPhases = (
				025C60452D411C8500B69A0D /* Sources */,
				025C60462D411C8500B69A0D /* Frameworks */,
				025C60472D411C8500B69A0D /* Resources */,
			);
			buildRules = (
			);
			dependencies = (
			);
			fileSystemSynchronizedGroups = (
				025C604B2D411C8500B69A0D /* BoardRoomBooking */,
			);
			name = BoardRoomBooking;
			packageProductDependencies = (
			);
			productName = BoardRoomBooking;
			productReference = 025C60492D411C8500B69A0D /* BoardRoomBooking.app */;
			productType = "com.apple.product-type.application";
		};
		025C60582D411C8600B69A0D /* BoardRoomBookingTests */ = {
			isa = PBXNativeTarget;
			buildConfigurationList = 025C60702D411C8600B69A0D /* Build configuration list for PBXNativeTarget "BoardRoomBookingTests" */;
			buildPhases = (
				025C60552D411C8600B69A0D /* Sources */,
				025C60562D411C8600B69A0D /* Frameworks */,
				025C60572D411C8600B69A0D /* Resources */,
			);
			buildRules = (
			);
			dependencies = (
				025C605B2D411C8600B69A0D /* PBXTargetDependency */,
			);
			fileSystemSynchronizedGroups = (
				025C605C2D411C8600B69A0D /* BoardRoomBookingTests */,
			);
			name = BoardRoomBookingTests;
			packageProductDependencies = (
			);
			productName = BoardRoomBookingTests;
			productReference = 025C60592D411C8600B69A0D /* BoardRoomBookingTests.xctest */;
			productType = "com.apple.product-type.bundle.unit-test";
		};
		025C60622D411C8600B69A0D /* BoardRoomBookingUITests */ = {
			isa = PBXNativeTarget;
			buildConfigurationList = 025C60732D411C8600B69A0D /* Build configuration list for PBXNativeTarget "BoardRoomBookingUITests" */;
			buildPhases = (
				025C605F2D411C8600B69A0D /* Sources */,
				025C60602D411C8600B69A0D /* Frameworks */,
				025C60612D411C8600B69A0D /* Resources */,
			);
			buildRules = (
			);
			dependencies = (
				025C60652D411C8600B69A0D /* PBXTargetDependency */,
			);
			fileSystemSynchronizedGroups = (
				025C60662D411C8600B69A0D /* BoardRoomBookingUITests */,
			);
			name = BoardRoomBookingUITests;
			packageProductDependencies = (
			);
			productName = BoardRoomBookingUITests;
			productReference = 025C60632D411C8600B69A0D /* BoardRoomBookingUITests.xctest */;
			productType = "com.apple.product-type.bundle.ui-testing";
		};
/* End PBXNativeTarget section */

/* Begin PBXProject section */
		025C60412D411C8500B69A0D /* Project object */ = {
			isa = PBXProject;
			attributes = {
				BuildIndependentTargetsInParallel = 1;
				LastSwiftUpdateCheck = 1620;
				LastUpgradeCheck = 1620;
				TargetAttributes = {
					025C60482D411C8500B69A0D = {
						CreatedOnToolsVersion = 16.2;
					};
					025C60582D411C8600B69A0D = {
						CreatedOnToolsVersion = 16.2;
						TestTargetID = 025C60482D411C8500B69A0D;
					};
					025C60622D411C8600B69A0D = {
						CreatedOnToolsVersion = 16.2;
						TestTargetID = 025C60482D411C8500B69A0D;
					};
				};
			};
			buildConfigurationList = 025C60442D411C8500B69A0D /* Build configuration list for PBXProject "BoardRoomBooking" */;
			developmentRegion = en;
			hasScannedForEncodings = 0;
			knownRegions = (
				en,
				Base,
			);
			mainGroup = 025C60402D411C8500B69A0D;
			minimizedProjectReferenceProxies = 1;
			preferredProjectObjectVersion = 77;
			productRefGroup = 025C604A2D411C8500B69A0D /* Products */;
			projectDirPath = "";
			projectRoot = "";
			targets = (
				025C60482D411C8500B69A0D /* BoardRoomBooking */,
				025C60582D411C8600B69A0D /* BoardRoomBookingTests */,
				025C60622D411C8600B69A0D /* BoardRoomBookingUITests */,
			);
		};
/* End PBXProject section */

/* Begin PBXResourcesBuildPhase section */
		025C60472D411C8500B69A0D /* Resources */ = {
			isa = PBXResourcesBuildPhase;
			buildActionMask = 2147483647;
			files = (
			);
			runOnlyForDeploymentPostprocessing = 0;
		};
		025C60572D411C8600B69A0D /* Resources */ = {
			isa = PBXResourcesBuildPhase;
			buildActionMask = 2147483647;
			files = (
			);
			runOnlyForDeploymentPostprocessing = 0;
		};
		025C60612D411C8600B69A0D /* Resources */ = {
			isa = PBXResourcesBuildPhase;
			buildActionMask = 2147483647;
			files = (
			);
			runOnlyForDeploymentPostprocessing = 0;
		};
/* End PBXResourcesBuildPhase section */

/* Begin PBXSourcesBuildPhase section */
		025C60452D411C8500B69A0D /* Sources */ = {
			isa = PBXSourcesBuildPhase;
			buildActionMask = 2147483647;
			files = (
			);
			runOnlyForDeploymentPostprocessing = 0;
		};
		025C60552D411C8600B69A0D /* Sources */ = {
			isa = PBXSourcesBuildPhase;
			buildActionMask = 2147483647;
			files = (
			);
			runOnlyForDeploymentPostprocessing = 0;
		};
		025C605F2D411C8600B69A0D /* Sources */ = {
			isa = PBXSourcesBuildPhase;
			buildActionMask = 2147483647;
			files = (
			);
			runOnlyForDeploymentPostprocessing = 0;
		};
/* End PBXSourcesBuildPhase section */

/* Begin PBXTargetDependency section */
		025C605B2D411C8600B69A0D /* PBXTargetDependency */ = {
			isa = PBXTargetDependency;
			target = 025C60482D411C8500B69A0D /* BoardRoomBooking */;
			targetProxy = 025C605A2D411C8600B69A0D /* PBXContainerItemProxy */;
		};
		025C60652D411C8600B69A0D /* PBXTargetDependency */ = {
			isa = PBXTargetDependency;
			target = 025C60482D411C8500B69A0D /* BoardRoomBooking */;
			targetProxy = 025C60642D411C8600B69A0D /* PBXContainerItemProxy */;
		};
/* End PBXTargetDependency section */

/* Begin XCBuildConfiguration section */
		025C606B2D411C8600B69A0D /* Debug */ = {
			isa = XCBuildConfiguration;
			buildSettings = {
				ALWAYS_SEARCH_USER_PATHS = NO;
				ASSETCATALOG_COMPILER_GENERATE_SWIFT_ASSET_SYMBOL_EXTENSIONS = YES;
				CLANG_ANALYZER_NONNULL = YES;
				CLANG_ANALYZER_NUMBER_OBJECT_CONVERSION = YES_AGGRESSIVE;
				CLANG_CXX_LANGUAGE_STANDARD = "gnu++20";
				CLANG_ENABLE_MODULES = YES;
				CLANG_ENABLE_OBJC_ARC = YES;
				CLANG_ENABLE_OBJC_WEAK = YES;
				CLANG_WARN_BLOCK_CAPTURE_AUTORELEASING = YES;
				CLANG_WARN_BOOL_CONVERSION = YES;
				CLANG_WARN_COMMA = YES;
				CLANG_WARN_CONSTANT_CONVERSION = YES;
				CLANG_WARN_DEPRECATED_OBJC_IMPLEMENTATIONS = YES;
				CLANG_WARN_DIRECT_OBJC_ISA_USAGE = YES_ERROR;
				CLANG_WARN_DOCUMENTATION_COMMENTS = YES;
				CLANG_WARN_EMPTY_BODY = YES;
				CLANG_WARN_ENUM_CONVERSION = YES;
				CLANG_WARN_INFINITE_RECURSION = YES;
				CLANG_WARN_INT_CONVERSION = YES;
				CLANG_WARN_NON_LITERAL_NULL_CONVERSION = YES;
				CLANG_WARN_OBJC_IMPLICIT_RETAIN_SELF = YES;
				CLANG_WARN_OBJC_LITERAL_CONVERSION = YES;
				CLANG_WARN_OBJC_ROOT_CLASS = YES_ERROR;
				CLANG_WARN_QUOTED_INCLUDE_IN_FRAMEWORK_HEADER = YES;
				CLANG_WARN_RANGE_LOOP_ANALYSIS = YES;
				CLANG_WARN_STRICT_PROTOTYPES = YES;
				CLANG_WARN_SUSPICIOUS_MOVE = YES;
				CLANG_WARN_UNGUARDED_AVAILABILITY = YES_AGGRESSIVE;
				CLANG_WARN_UNREACHABLE_CODE = YES;
				CLANG_WARN__DUPLICATE_METHOD_MATCH = YES;
				COPY_PHASE_STRIP = NO;
				DEBUG_INFORMATION_FORMAT = dwarf;
				ENABLE_STRICT_OBJC_MSGSEND = YES;
				ENABLE_TESTABILITY = YES;
				ENABLE_USER_SCRIPT_SANDBOXING = YES;
				GCC_C_LANGUAGE_STANDARD = gnu17;
				GCC_DYNAMIC_NO_PIC = NO;
				GCC_NO_COMMON_BLOCKS = YES;
				GCC_OPTIMIZATION_LEVEL = 0;
				GCC_PREPROCESSOR_DEFINITIONS = (
					"DEBUG=1",
					"$(inherited)",
				);
				GCC_WARN_64_TO_32_BIT_CONVERSION = YES;
				GCC_WARN_ABOUT_RETURN_TYPE = YES_ERROR;
				GCC_WARN_UNDECLARED_SELECTOR = YES;
				GCC_WARN_UNINITIALIZED_AUTOS = YES_AGGRESSIVE;
				GCC_WARN_UNUSED_FUNCTION = YES;
				GCC_WARN_UNUSED_VARIABLE = YES;
				IPHONEOS_DEPLOYMENT_TARGET = 18.2;
				LOCALIZATION_PREFERS_STRING_CATALOGS = YES;
				MTL_ENABLE_DEBUG_INFO = INCLUDE_SOURCE;
				MTL_FAST_MATH = YES;
				ONLY_ACTIVE_ARCH = YES;
				SDKROOT = iphoneos;
				SWIFT_ACTIVE_COMPILATION_CONDITIONS = "DEBUG $(inherited)";
				SWIFT_OPTIMIZATION_LEVEL = "-Onone";
			};
			name = Debug;
		};
		025C606C2D411C8600B69A0D /* Release */ = {
			isa = XCBuildConfiguration;
			buildSettings = {
				ALWAYS_SEARCH_USER_PATHS = NO;
				ASSETCATALOG_COMPILER_GENERATE_SWIFT_ASSET_SYMBOL_EXTENSIONS = YES;
				CLANG_ANALYZER_NONNULL = YES;
				CLANG_ANALYZER_NUMBER_OBJECT_CONVERSION = YES_AGGRESSIVE;
				CLANG_CXX_LANGUAGE_STANDARD = "gnu++20";
				CLANG_ENABLE_MODULES = YES;
				CLANG_ENABLE_OBJC_ARC = YES;
				CLANG_ENABLE_OBJC_WEAK = YES;
				CLANG_WARN_BLOCK_CAPTURE_AUTORELEASING = YES;
				CLANG_WARN_BOOL_CONVERSION = YES;
				CLANG_WARN_COMMA = YES;
				CLANG_WARN_CONSTANT_CONVERSION = YES;
				CLANG_WARN_DEPRECATED_OBJC_IMPLEMENTATIONS = YES;
				CLANG_WARN_DIRECT_OBJC_ISA_USAGE = YES_ERROR;
				CLANG_WARN_DOCUMENTATION_COMMENTS = YES;
				CLANG_WARN_EMPTY_BODY = YES;
				CLANG_WARN_ENUM_CONVERSION = YES;
				CLANG_WARN_INFINITE_RECURSION = YES;
				CLANG_WARN_INT_CONVERSION = YES;
				CLANG_WARN_NON_LITERAL_NULL_CONVERSION = YES;
				CLANG_WARN_OBJC_IMPLICIT_RETAIN_SELF = YES;
				CLANG_WARN_OBJC_LITERAL_CONVERSION = YES;
				CLANG_WARN_OBJC_ROOT_CLASS = YES_ERROR;
				CLANG_WARN_QUOTED_INCLUDE_IN_FRAMEWORK_HEADER = YES;
				CLANG_WARN_RANGE_LOOP_ANALYSIS = YES;
				CLANG_WARN_STRICT_PROTOTYPES = YES;
				CLANG_WARN_SUSPICIOUS_MOVE = YES;
				CLANG_WARN_UNGUARDED_AVAILABILITY = YES_AGGRESSIVE;
				CLANG_WARN_UNREACHABLE_CODE = YES;
				CLANG_WARN__DUPLICATE_METHOD_MATCH = YES;
				COPY_PHASE_STRIP = NO;
				DEBUG_INFORMATION_FORMAT = "dwarf-with-dsym";
				ENABLE_NS_ASSERTIONS = NO;
				ENABLE_STRICT_OBJC_MSGSEND = YES;
				ENABLE_USER_SCRIPT_SANDBOXING = YES;
				GCC_C_LANGUAGE_STANDARD = gnu17;
				GCC_NO_COMMON_BLOCKS = YES;
				GCC_WARN_64_TO_32_BIT_CONVERSION = YES;
				GCC_WARN_ABOUT_RETURN_TYPE = YES_ERROR;
				GCC_WARN_UNDECLARED_SELECTOR = YES;
				GCC_WARN_UNINITIALIZED_AUTOS = YES_AGGRESSIVE;
				GCC_WARN_UNUSED_FUNCTION = YES;
				GCC_WARN_UNUSED_VARIABLE = YES;
				IPHONEOS_DEPLOYMENT_TARGET = 18.2;
				LOCALIZATION_PREFERS_STRING_CATALOGS = YES;
				MTL_ENABLE_DEBUG_INFO = NO;
				MTL_FAST_MATH = YES;
				SDKROOT = iphoneos;
				SWIFT_COMPILATION_MODE = wholemodule;
				VALIDATE_PRODUCT = YES;
			};
			name = Release;
		};
		025C606E2D411C8600B69A0D /* Debug */ = {
			isa = XCBuildConfiguration;
			buildSettings = {
				ASSETCATALOG_COMPILER_APPICON_NAME = AppIcon;
				ASSETCATALOG_COMPILER_GLOBAL_ACCENT_COLOR_NAME = AccentColor;
				CODE_SIGN_STYLE = Automatic;
				CURRENT_PROJECT_VERSION = 1;
				DEVELOPMENT_ASSET_PATHS = "\"BoardRoomBooking/Preview Content\"";
				DEVELOPMENT_TEAM = 265P58VWJ4;
				ENABLE_PREVIEWS = YES;
				GENERATE_INFOPLIST_FILE = YES;
				INFOPLIST_KEY_UIApplicationSceneManifest_Generation = YES;
				INFOPLIST_KEY_UIApplicationSupportsIndirectInputEvents = YES;
				INFOPLIST_KEY_UILaunchScreen_Generation = YES;
				INFOPLIST_KEY_UISupportedInterfaceOrientations_iPad = "UIInterfaceOrientationPortrait UIInterfaceOrientationPortraitUpsideDown UIInterfaceOrientationLandscapeLeft UIInterfaceOrientationLandscapeRight";
				INFOPLIST_KEY_UISupportedInterfaceOrientations_iPhone = "UIInterfaceOrientationPortrait UIInterfaceOrientationLandscapeLeft UIInterfaceOrientationLandscapeRight";
				LD_RUNPATH_SEARCH_PATHS = (
					"$(inherited)",
					"@executable_path/Frameworks",
				);
				MARKETING_VERSION = 1.0;
				PRODUCT_BUNDLE_IDENTIFIER = r.BoardRoomBooking;
				PRODUCT_NAME = "$(TARGET_NAME)";
				SWIFT_EMIT_LOC_STRINGS = YES;
				SWIFT_VERSION = 5.0;
				TARGETED_DEVICE_FAMILY = "1,2";
			};
			name = Debug;
		};
		025C606F2D411C8600B69A0D /* Release */ = {
			isa = XCBuildConfiguration;
			buildSettings = {
				ASSETCATALOG_COMPILER_APPICON_NAME = AppIcon;
				ASSETCATALOG_COMPILER_GLOBAL_ACCENT_COLOR_NAME = AccentColor;
				CODE_SIGN_STYLE = Automatic;
				CURRENT_PROJECT_VERSION = 1;
				DEVELOPMENT_ASSET_PATHS = "\"BoardRoomBooking/Preview Content\"";
				DEVELOPMENT_TEAM = 265P58VWJ4;
				ENABLE_PREVIEWS = YES;
				GENERATE_INFOPLIST_FILE = YES;
				INFOPLIST_KEY_UIApplicationSceneManifest_Generation = YES;
				INFOPLIST_KEY_UIApplicationSupportsIndirectInputEvents = YES;
				INFOPLIST_KEY_UILaunchScreen_Generation = YES;
				INFOPLIST_KEY_UISupportedInterfaceOrientations_iPad = "UIInterfaceOrientationPortrait UIInterfaceOrientationPortraitUpsideDown UIInterfaceOrientationLandscapeLeft UIInterfaceOrientationLandscapeRight";
				INFOPLIST_KEY_UISupportedInterfaceOrientations_iPhone = "UIInterfaceOrientationPortrait UIInterfaceOrientationLandscapeLeft UIInterfaceOrientationLandscapeRight";
				LD_RUNPATH_SEARCH_PATHS = (
					"$(inherited)",
					"@executable_path/Frameworks",
				);
				MARKETING_VERSION = 1.0;
				PRODUCT_BUNDLE_IDENTIFIER = r.BoardRoomBooking;
				PRODUCT_NAME = "$(TARGET_NAME)";
				SWIFT_EMIT_LOC_STRINGS = YES;
				SWIFT_VERSION = 5.0;
				TARGETED_DEVICE_FAMILY = "1,2";
			};
			name = Release;
		};
		025C60712D411C8600B69A0D /* Debug */ = {
			isa = XCBuildConfiguration;
			buildSettings = {
				BUNDLE_LOADER = "$(TEST_HOST)";
				CODE_SIGN_STYLE = Automatic;
				CURRENT_PROJECT_VERSION = 1;
				GENERATE_INFOPLIST_FILE = YES;
				IPHONEOS_DEPLOYMENT_TARGET = 18.2;
				MARKETING_VERSION = 1.0;
				PRODUCT_BUNDLE_IDENTIFIER = r.BoardRoomBookingTests;
				PRODUCT_NAME = "$(TARGET_NAME)";
				SWIFT_EMIT_LOC_STRINGS = NO;
				SWIFT_VERSION = 5.0;
				TARGETED_DEVICE_FAMILY = "1,2";
				TEST_HOST = "$(BUILT_PRODUCTS_DIR)/BoardRoomBooking.app/$(BUNDLE_EXECUTABLE_FOLDER_PATH)/BoardRoomBooking";
			};
			name = Debug;
		};
		025C60722D411C8600B69A0D /* Release */ = {
			isa = XCBuildConfiguration;
			buildSettings = {
				BUNDLE_LOADER = "$(TEST_HOST)";
				CODE_SIGN_STYLE = Automatic;
				CURRENT_PROJECT_VERSION = 1;
				GENERATE_INFOPLIST_FILE = YES;
				IPHONEOS_DEPLOYMENT_TARGET = 18.2;
				MARKETING_VERSION = 1.0;
				PRODUCT_BUNDLE_IDENTIFIER = r.BoardRoomBookingTests;
				PRODUCT_NAME = "$(TARGET_NAME)";
				SWIFT_EMIT_LOC_STRINGS = NO;
				SWIFT_VERSION = 5.0;
				TARGETED_DEVICE_FAMILY = "1,2";
				TEST_HOST = "$(BUILT_PRODUCTS_DIR)/BoardRoomBooking.app/$(BUNDLE_EXECUTABLE_FOLDER_PATH)/BoardRoomBooking";
			};
			name = Release;
		};
		025C60742D411C8600B69A0D /* Debug */ = {
			isa = XCBuildConfiguration;
			buildSettings = {
				CODE_SIGN_STYLE = Automatic;
				CURRENT_PROJECT_VERSION = 1;
				GENERATE_INFOPLIST_FILE = YES;
				MARKETING_VERSION = 1.0;
				PRODUCT_BUNDLE_IDENTIFIER = r.BoardRoomBookingUITests;
				PRODUCT_NAME = "$(TARGET_NAME)";
				SWIFT_EMIT_LOC_STRINGS = NO;
				SWIFT_VERSION = 5.0;
				TARGETED_DEVICE_FAMILY = "1,2";
				TEST_TARGET_NAME = BoardRoomBooking;
			};
			name = Debug;
		};
		025C60752D411C8600B69A0D /* Release */ = {
			isa = XCBuildConfiguration;
			buildSettings = {
				CODE_SIGN_STYLE = Automatic;
				CURRENT_PROJECT_VERSION = 1;
				GENERATE_INFOPLIST_FILE = YES;
				MARKETING_VERSION = 1.0;
				PRODUCT_BUNDLE_IDENTIFIER = r.BoardRoomBookingUITests;
				PRODUCT_NAME = "$(TARGET_NAME)";
				SWIFT_EMIT_LOC_STRINGS = NO;
				SWIFT_VERSION = 5.0;
				TARGETED_DEVICE_FAMILY = "1,2";
				TEST_TARGET_NAME = BoardRoomBooking;
			};
			name = Release;
		};
/* End XCBuildConfiguration section */

/* Begin XCConfigurationList section */
		025C60442D411C8500B69A0D /* Build configuration list for PBXProject "BoardRoomBooking" */ = {
			isa = XCConfigurationList;
			buildConfigurations = (
				025C606B2D411C8600B69A0D /* Debug */,
				025C606C2D411C8600B69A0D /* Release */,
			);
			defaultConfigurationIsVisible = 0;
			defaultConfigurationName = Release;
		};
		025C606D2D411C8600B69A0D /* Build configuration list for PBXNativeTarget "BoardRoomBooking" */ = {
			isa = XCConfigurationList;
			buildConfigurations = (
				025C606E2D411C8600B69A0D /* Debug */,
				025C606F2D411C8600B69A0D /* Release */,
			);
			defaultConfigurationIsVisible = 0;
			defaultConfigurationName = Release;
		};
		025C60702D411C8600B69A0D /* Build configuration list for PBXNativeTarget "BoardRoomBookingTests" */ = {
			isa = XCConfigurationList;
			buildConfigurations = (
				025C60712D411C8600B69A0D /* Debug */,
				025C60722D411C8600B69A0D /* Release */,
			);
			defaultConfigurationIsVisible = 0;
			defaultConfigurationName = Release;
		};
		025C60732D411C8600B69A0D /* Build configuration list for PBXNativeTarget "BoardRoomBookingUITests" */ = {
			isa = XCConfigurationList;
			buildConfigurations = (
				025C60742D411C8600B69A0D /* Debug */,
				025C60752D411C8600B69A0D /* Release */,
			);
			defaultConfigurationIsVisible = 0;
			defaultConfigurationName = Release;
		};
/* End XCConfigurationList section */
	};
	rootObject = 025C60412D411C8500B69A0D /* Project object */;
}
